# THIS IS AN AUTOGENERATED FILE. DO NOT EDIT THIS FILE DIRECTLY.
# yarn lockfile v1


git@^0.1.5:
  version "0.1.5"
  resolved "https://registry.yarnpkg.com/git/-/git-0.1.5.tgz#9ef62df93f851c27542143bf52d1c68b1017ca15"
  integrity sha1-nvYt+T+FHCdUIUO/UtHGixAXyhU=
  dependencies:
    mime "1.2.9"

"lodash@https://github.com/lodash/lodash.git":
  version "5.0.0"
  resolved "https://github.com/lodash/lodash.git#2da024c3b4f9947a48517639de7560457cd4ec6c"

mime@1.2.9:
  version "1.2.9"
  resolved "https://registry.yarnpkg.com/mime/-/mime-1.2.9.tgz#009cd40867bd35de521b3b966f04e2f8d4d13d09"
  integrity sha1-AJzUCGe9Nd5SGzuWbwTi+NTRPQk=
